
Microsoft Visual Studio Solution File, Format Version 12.00
Project("{FAE04EC0-301F-11D3-BF4B-00C04F79EFBC}") = "ConsoleApp4", "ConsoleApp4\ConsoleApp4.csproj", "{7078A749-542D-4614-B03C-DD57BF930E1A}"
EndProject
Global
	GlobalSection(SolutionConfigurationPlatforms) = preSolution
		Debug|Any CPU = Debug|Any CPU
		Release|Any CPU = Release|Any CPU
	EndGlobalSection
	GlobalSection(ProjectConfigurationPlatforms) = postSolution
		{7078A749-542D-4614-B03C-DD57BF930E1A}.Debug|Any CPU.ActiveCfg = Debug|Any CPU
		{7078A749-542D-4614-B03C-DD57BF930E1A}.Debug|Any CPU.Build.0 = Debug|Any CPU
		{7078A749-542D-4614-B03C-DD57BF930E1A}.Release|Any CPU.ActiveCfg = Release|Any CPU
		{7078A749-542D-4614-B03C-DD57BF930E1A}.Release|Any CPU.Build.0 = Release|Any CPU
	EndGlobalSection
EndGlobal
